
Microsoft Visual Studio Solution File, Format Version 12.00
# Visual Studio 2012
Project("{F2A71F9B-5D33-465A-A702-920D77279786}") = "Metricano", "src\Metricano\Metricano.fsproj", "{327A90DA-7629-4D89-B0D1-F64F6EB63A8C}"
EndProject
Project("{F2A71F9B-5D33-465A-A702-920D77279786}") = "Metricano.CloudWatch", "src\Metricano.CloudWatch\Metricano.CloudWatch.fsproj", "{FC7520D9-E3B5-4A31-B8D3-5BC7C64069F3}"
EndProject
Project("{F2A71F9B-5D33-465A-A702-920D77279786}") = "Metricano.Tests", "tests\Metricano.Tests\Metricano.Tests.fsproj", "{26E2FB47-14C5-4E14-8887-4AA88365ABC0}"
EndProject
Project("{2150E333-8FDC-42A3-9474-1A3956D46DE8}") = "Solution Items", "Solution Items", "{82413C46-9585-4680-A3E6-41D380117347}"
	ProjectSection(SolutionItems) = preProject
		build.fsx = build.fsx
		nuget\Metricano.nuspec = nuget\Metricano.nuspec
		README.md = README.md
		RELEASE_NOTES.md = RELEASE_NOTES.md
	EndProjectSection
EndProject
Project("{FAE04EC0-301F-11D3-BF4B-00C04F79EFBC}") = "Metricano.CloudWatch.ExampleCs", "examples\Metricano.CloudWatch.ExampleCs\Metricano.CloudWatch.ExampleCs.csproj", "{0D41357A-7FA0-4CE1-937C-F1181DF465ED}"
EndProject
Project("{2150E333-8FDC-42A3-9474-1A3956D46DE8}") = "Examples", "Examples", "{CB5DCFA8-AD21-4AE8-82EC-EE7E549817B3}"
EndProject
Project("{FAE04EC0-301F-11D3-BF4B-00C04F79EFBC}") = "Metricano.PostSharpAspects", "src\Metricano.PostSharpAspects\Metricano.PostSharpAspects.csproj", "{1AC6B21F-815C-4375-A819-ADC9480954C9}"
EndProject
Project("{2150E333-8FDC-42A3-9474-1A3956D46DE8}") = "Tests", "Tests", "{F2BB5835-52B9-41EE-BE61-F4811112F019}"
EndProject
Project("{FAE04EC0-301F-11D3-BF4B-00C04F79EFBC}") = "Metricano.PostSharpAspects.ExampleCs", "examples\Metricano.PostSharpAspects.ExampleCs\Metricano.PostSharpAspects.ExampleCs.csproj", "{97A7901A-7D9F-4A4A-9ABB-B5281295B1D9}"
EndProject
Project("{F2A71F9B-5D33-465A-A702-920D77279786}") = "Metricano.CloudWatch.Tests", "tests\Metricano.CloudWatch.Tests\Metricano.CloudWatch.Tests.fsproj", "{957F4140-26AB-44FE-A21D-E83994527FD6}"
EndProject
Global
	GlobalSection(SolutionConfigurationPlatforms) = preSolution
		Debug|Any CPU = Debug|Any CPU
		Release|Any CPU = Release|Any CPU
	EndGlobalSection
	GlobalSection(ProjectConfigurationPlatforms) = postSolution
		{327A90DA-7629-4D89-B0D1-F64F6EB63A8C}.Debug|Any CPU.ActiveCfg = Debug|Any CPU
		{327A90DA-7629-4D89-B0D1-F64F6EB63A8C}.Debug|Any CPU.Build.0 = Debug|Any CPU
		{327A90DA-7629-4D89-B0D1-F64F6EB63A8C}.Release|Any CPU.ActiveCfg = Release|Any CPU
		{327A90DA-7629-4D89-B0D1-F64F6EB63A8C}.Release|Any CPU.Build.0 = Release|Any CPU
		{FC7520D9-E3B5-4A31-B8D3-5BC7C64069F3}.Debug|Any CPU.ActiveCfg = Debug|Any CPU
		{FC7520D9-E3B5-4A31-B8D3-5BC7C64069F3}.Debug|Any CPU.Build.0 = Debug|Any CPU
		{FC7520D9-E3B5-4A31-B8D3-5BC7C64069F3}.Release|Any CPU.ActiveCfg = Release|Any CPU
		{FC7520D9-E3B5-4A31-B8D3-5BC7C64069F3}.Release|Any CPU.Build.0 = Release|Any CPU
		{26E2FB47-14C5-4E14-8887-4AA88365ABC0}.Debug|Any CPU.ActiveCfg = Debug|Any CPU
		{26E2FB47-14C5-4E14-8887-4AA88365ABC0}.Debug|Any CPU.Build.0 = Debug|Any CPU
		{26E2FB47-14C5-4E14-8887-4AA88365ABC0}.Release|Any CPU.ActiveCfg = Release|Any CPU
		{26E2FB47-14C5-4E14-8887-4AA88365ABC0}.Release|Any CPU.Build.0 = Release|Any CPU
		{0D41357A-7FA0-4CE1-937C-F1181DF465ED}.Debug|Any CPU.ActiveCfg = Debug|Any CPU
		{0D41357A-7FA0-4CE1-937C-F1181DF465ED}.Debug|Any CPU.Build.0 = Debug|Any CPU
		{0D41357A-7FA0-4CE1-937C-F1181DF465ED}.Release|Any CPU.ActiveCfg = Release|Any CPU
		{0D41357A-7FA0-4CE1-937C-F1181DF465ED}.Release|Any CPU.Build.0 = Release|Any CPU
		{1AC6B21F-815C-4375-A819-ADC9480954C9}.Debug|Any CPU.ActiveCfg = Debug|Any CPU
		{1AC6B21F-815C-4375-A819-ADC9480954C9}.Debug|Any CPU.Build.0 = Debug|Any CPU
		{1AC6B21F-815C-4375-A819-ADC9480954C9}.Release|Any CPU.ActiveCfg = Release|Any CPU
		{1AC6B21F-815C-4375-A819-ADC9480954C9}.Release|Any CPU.Build.0 = Release|Any CPU
		{97A7901A-7D9F-4A4A-9ABB-B5281295B1D9}.Debug|Any CPU.ActiveCfg = Debug|Any CPU
		{97A7901A-7D9F-4A4A-9ABB-B5281295B1D9}.Debug|Any CPU.Build.0 = Debug|Any CPU
		{97A7901A-7D9F-4A4A-9ABB-B5281295B1D9}.Release|Any CPU.ActiveCfg = Release|Any CPU
		{97A7901A-7D9F-4A4A-9ABB-B5281295B1D9}.Release|Any CPU.Build.0 = Release|Any CPU
		{957F4140-26AB-44FE-A21D-E83994527FD6}.Debug|Any CPU.ActiveCfg = Debug|Any CPU
		{957F4140-26AB-44FE-A21D-E83994527FD6}.Debug|Any CPU.Build.0 = Debug|Any CPU
		{957F4140-26AB-44FE-A21D-E83994527FD6}.Release|Any CPU.ActiveCfg = Release|Any CPU
		{957F4140-26AB-44FE-A21D-E83994527FD6}.Release|Any CPU.Build.0 = Release|Any CPU
	EndGlobalSection
	GlobalSection(SolutionProperties) = preSolution
		HideSolutionNode = FALSE
	EndGlobalSection
	GlobalSection(NestedProjects) = preSolution
		{0D41357A-7FA0-4CE1-937C-F1181DF465ED} = {CB5DCFA8-AD21-4AE8-82EC-EE7E549817B3}
		{97A7901A-7D9F-4A4A-9ABB-B5281295B1D9} = {CB5DCFA8-AD21-4AE8-82EC-EE7E549817B3}
		{26E2FB47-14C5-4E14-8887-4AA88365ABC0} = {F2BB5835-52B9-41EE-BE61-F4811112F019}
		{957F4140-26AB-44FE-A21D-E83994527FD6} = {F2BB5835-52B9-41EE-BE61-F4811112F019}
	EndGlobalSection
EndGlobal
